{
  "name": "warden-landing-kool",
  "lockfileVersion": 3,
  "requires": true,
  "packages": {
    "": {
      "name": "warden-landing-kool",
      "dependencies": {
        "@joinkool/sdk": "https://app.joinkool.co/scripts/kool-sdk.tgz"
      }
    },
    "node_modules/@joinkool/sdk": {
      "version": "0.1.0",
      "resolved": "https://app.joinkool.co/scripts/kool-sdk.tgz",
      "integrity": "sha512-HFg+XJ+qjJix6hgpDNN8PpcAbSeoDq3OOTbvEeuqGKZv+YfjsI/NUCcB26biTK5rbINRqfsPSNgMaKUsWkjDMw==",
      "license": "UNLICENSED",
      "engines": {
        "node": ">=22"
      }
    }
  }
}
